
Microsoft Visual Studio Solution File, Format Version 12.00
# Visual Studio Version 17
VisualStudioVersion = 17.4.33213.308
MinimumVisualStudioVersion = 10.0.40219.1
Project("{FAE04EC0-301F-11D3-BF4B-00C04F79EFBC}") = "DesignPatterns", "DesignPatterns\DesignPatterns.csproj", "{B70CD4B4-CAF6-4F88-A31F-064C1439D359}"
EndProject
Global
	GlobalSection(SolutionConfigurationPlatforms) = preSolution
		Debug|Any CPU = Debug|Any CPU
		Release|Any CPU = Release|Any CPU
	EndGlobalSection
	GlobalSection(ProjectConfigurationPlatforms) = postSolution
		{B70CD4B4-CAF6-4F88-A31F-064C1439D359}.Debug|Any CPU.ActiveCfg = Debug|Any CPU
		{B70CD4B4-CAF6-4F88-A31F-064C1439D359}.Debug|Any CPU.Build.0 = Debug|Any CPU
		{B70CD4B4-CAF6-4F88-A31F-064C1439D359}.Release|Any CPU.ActiveCfg = Release|Any CPU
		{B70CD4B4-CAF6-4F88-A31F-064C1439D359}.Release|Any CPU.Build.0 = Release|Any CPU
	EndGlobalSection
	GlobalSection(SolutionProperties) = preSolution
		HideSolutionNode = FALSE
	EndGlobalSection
	GlobalSection(ExtensibilityGlobals) = postSolution
		SolutionGuid = {2A5A4D98-A90E-497E-9BF9-BD38724D0E09}
	EndGlobalSection
EndGlobal
